<?xml version="1.0" encoding="utf-8"?>
<Project ToolsVersion="4.0" xmlns="http://schemas.microsoft.com/developer/msbuild/2003">
  <ItemGroup>
    <Filter Include="Header Files">
      <UniqueIdentifier>{93995380-89BD-4b04-88EB-625FBE52EBFB}</UniqueIdentifier>
      <Extensions>h;hpp;hxx;hm;inl;inc;xsd</Extensions>
    </Filter>
    <Filter Include="Resource Files">
      <UniqueIdentifier>{67DA6AB6-F800-4c08-8B7A-83BB121AAD01}</UniqueIdentifier>
      <Extensions>rc;ico;cur;bmp;dlg;rc2;rct;bin;rgs;gif;jpg;jpeg;jpe;resx</Extensions>
    </Filter>
    <Filter Include="Source Files">
      <UniqueIdentifier>{4FC737F1-C7A5-4376-A066-2A32D752A2FF}</UniqueIdentifier>
      <Extensions>cpp;c;cc;cxx;def;odl;idl;hpj;bat;asm;asmx</Extensions>
    </Filter>
  </ItemGroup>
  <ItemGroup>
    <ClInclude Include="acls.h">
      <Filter>Header Files</Filter>
    </ClInclude>
    <ClInclude Include="attrib.h">
      <Filter>Header Files</Filter>
    </ClInclude>
    <ClInclude Include="attrlist.h">
      <Filter>Header Files</Filter>
    </ClInclude>
    <ClInclude Include="bitmap.h">
      <Filter>Header Files</Filter>
    </ClInclude>
    <ClInclude Include="bootsect.h">
      <Filter>Header Files</Filter>
    </ClInclude>
    <ClInclude Include="cache.h">
      <Filter>Header Files</Filter>
    </ClInclude>
    <ClInclude Include="collate.h">
      <Filter>Header Files</Filter>
    </ClInclude>
    <ClInclude Include="compat.h">
      <Filter>Header Files</Filter>
    </ClInclude>
    <ClInclude Include="compress.h">
      <Filter>Header Files</Filter>
    </ClInclude>
    <ClInclude Include="config.h">
      <Filter>Header Files</Filter>
    </ClInclude>
    <ClInclude Include="debug.h">
      <Filter>Header Files</Filter>
    </ClInclude>
    <ClInclude Include="device.h">
      <Filter>Header Files</Filter>
    </ClInclude>
    <ClInclude Include="device_io.h">
      <Filter>Header Files</Filter>
    </ClInclude>
    <ClInclude Include="dir.h">
      <Filter>Header Files</Filter>
    </ClInclude>
    <ClInclude Include="disk.h">
      <Filter>Header Files</Filter>
    </ClInclude>
    <ClInclude Include="efs.h">
      <Filter>Header Files</Filter>
    </ClInclude>
    <ClInclude Include="endians.h">
      <Filter>Header Files</Filter>
    </ClInclude>
    <ClInclude Include="index.h">
      <Filter>Header Files</Filter>
    </ClInclude>
    <ClInclude Include="inode.h">
      <Filter>Header Files</Filter>
    </ClInclude>
    <ClInclude Include="layout.h">
      <Filter>Header Files</Filter>
    </ClInclude>
    <ClInclude Include="lcnalloc.h">
      <Filter>Header Files</Filter>
    </ClInclude>
    <ClInclude Include="logfile.h">
      <Filter>Header Files</Filter>
    </ClInclude>
    <ClInclude Include="logging.h">
      <Filter>Header Files</Filter>
    </ClInclude>
    <ClInclude Include="mft.h">
      <Filter>Header Files</Filter>
    </ClInclude>
    <ClInclude Include="misc.h">
      <Filter>Header Files</Filter>
    </ClInclude>
    <ClInclude Include="mst.h">
      <Filter>Header Files</Filter>
    </ClInclude>
    <ClInclude Include="ntfs.h">
      <Filter>Header Files</Filter>
    </ClInclude>
    <ClInclude Include="ntfstime.h">
      <Filter>Header Files</Filter>
    </ClInclude>
    <ClInclude Include="object_id.h">
      <Filter>Header Files</Filter>
    </ClInclude>
    <ClInclude Include="param.h">
      <Filter>Header Files</Filter>
    </ClInclude>
    <ClInclude Include="realpath.h">
      <Filter>Header Files</Filter>
    </ClInclude>
    <ClInclude Include="reparse.h">
      <Filter>Header Files</Filter>
    </ClInclude>
    <ClInclude Include="runlist.h">
      <Filter>Header Files</Filter>
    </ClInclude>
    <ClInclude Include="secaudit.h">
      <Filter>Header Files</Filter>
    </ClInclude>
    <ClInclude Include="security.h">
      <Filter>Header Files</Filter>
    </ClInclude>
    <ClInclude Include="support.h">
      <Filter>Header Files</Filter>
    </ClInclude>
    <ClInclude Include="types.h">
      <Filter>Header Files</Filter>
    </ClInclude>
    <ClInclude Include="unistr.h">
      <Filter>Header Files</Filter>
    </ClInclude>
    <ClInclude Include="utils.h">
      <Filter>Header Files</Filter>
    </ClInclude>
    <ClInclude Include="volume.h">
      <Filter>Header Files</Filter>
    </ClInclude>
    <ClInclude Include="xattrs.h">
      <Filter>Header Files</Filter>
    </ClInclude>
  </ItemGroup>
  <ItemGroup>
    <ClCompile Include="acls.c">
      <Filter>Source Files</Filter>
    </ClCompile>
    <ClCompile Include="attrib.c">
      <Filter>Source Files</Filter>
    </ClCompile>
    <ClCompile Include="attrlist.c">
      <Filter>Source Files</Filter>
    </ClCompile>
    <ClCompile Include="bitmap.c">
      <Filter>Source Files</Filter>
    </ClCompile>
    <ClCompile Include="bootsect.c">
      <Filter>Source Files</Filter>
    </ClCompile>
    <ClCompile Include="cache.c">
      <Filter>Source Files</Filter>
    </ClCompile>
    <ClCompile Include="collate.c">
      <Filter>Source Files</Filter>
    </ClCompile>
    <ClCompile Include="compat.c">
      <Filter>Source Files</Filter>
    </ClCompile>
    <ClCompile Include="compress.c">
      <Filter>Source Files</Filter>
    </ClCompile>
    <ClCompile Include="debug.c">
      <Filter>Source Files</Filter>
    </ClCompile>
    <ClCompile Include="device.c">
      <Filter>Source Files</Filter>
    </ClCompile>
    <ClCompile Include="dir.c">
      <Filter>Source Files</Filter>
    </ClCompile>
    <ClCompile Include="disk.c">
      <Filter>Source Files</Filter>
    </ClCompile>
    <ClCompile Include="efs.c">
      <Filter>Source Files</Filter>
    </ClCompile>
    <ClCompile Include="index.c">
      <Filter>Source Files</Filter>
    </ClCompile>
    <ClCompile Include="inode.c">
      <Filter>Source Files</Filter>
    </ClCompile>
    <ClCompile Include="lcnalloc.c">
      <Filter>Source Files</Filter>
    </ClCompile>
    <ClCompile Include="logfile.c">
      <Filter>Source Files</Filter>
    </ClCompile>
    <ClCompile Include="logging.c">
      <Filter>Source Files</Filter>
    </ClCompile>
    <ClCompile Include="main.c">
      <Filter>Source Files</Filter>
    </ClCompile>
    <ClCompile Include="mft.c">
      <Filter>Source Files</Filter>
    </ClCompile>
    <ClCompile Include="misc.c">
      <Filter>Source Files</Filter>
    </ClCompile>
    <ClCompile Include="mst.c">
      <Filter>Source Files</Filter>
    </ClCompile>
    <ClCompile Include="ntfs.c">
      <Filter>Source Files</Filter>
    </ClCompile>
    <ClCompile Include="object_id.c">
      <Filter>Source Files</Filter>
    </ClCompile>
    <ClCompile Include="realpath.c">
      <Filter>Source Files</Filter>
    </ClCompile>
    <ClCompile Include="reparse.c">
      <Filter>Source Files</Filter>
    </ClCompile>
    <ClCompile Include="runlist.c">
      <Filter>Source Files</Filter>
    </ClCompile>
    <ClCompile Include="secaudit.c">
      <Filter>Source Files</Filter>
    </ClCompile>
    <ClCompile Include="security.c">
      <Filter>Source Files</Filter>
    </ClCompile>
    <ClCompile Include="unistr.c">
      <Filter>Source Files</Filter>
    </ClCompile>
    <ClCompile Include="unix_io.c">
      <Filter>Source Files</Filter>
    </ClCompile>
    <ClCompile Include="utils.c">
      <Filter>Source Files</Filter>
    </ClCompile>
    <ClCompile Include="volume.c">
      <Filter>Source Files</Filter>
    </ClCompile>
    <ClCompile Include="xattrs.c">
      <Filter>Source Files</Filter>
    </ClCompile>
  </ItemGroup>
  <ItemGroup>
    <None Include="utilsex.asm">
      <Filter>Source Files</Filter>
    </None>
  </ItemGroup>
</Project>