<?xml version="1.0" encoding="utf-8"?>
<Project ToolsVersion="4.0" xmlns="http://schemas.microsoft.com/developer/msbuild/2003">
  <ItemGroup>
    <Filter Include="源文件">
      <UniqueIdentifier>{4FC737F1-C7A5-4376-A066-2A32D752A2FF}</UniqueIdentifier>
      <Extensions>cpp;c;cc;cxx;def;odl;idl;hpj;bat;asm;asmx</Extensions>
    </Filter>
    <Filter Include="头文件">
      <UniqueIdentifier>{93995380-89BD-4b04-88EB-625FBE52EBFB}</UniqueIdentifier>
      <Extensions>h;hh;hpp;hxx;hm;inl;inc;xsd</Extensions>
    </Filter>
    <Filter Include="资源文件">
      <UniqueIdentifier>{67DA6AB6-F800-4c08-8B7A-83BB121AAD01}</UniqueIdentifier>
      <Extensions>rc;ico;cur;bmp;dlg;rc2;rct;bin;rgs;gif;jpg;jpeg;jpe;resx;tiff;tif;png;wav;mfcribbon-ms</Extensions>
    </Filter>
  </ItemGroup>
  <ItemGroup>
    <ClCompile Include="..\..\face.c">
      <Filter>源文件</Filter>
    </ClCompile>
    <ClCompile Include="..\..\func.c">
      <Filter>源文件</Filter>
    </ClCompile>
    <ClCompile Include="..\..\getlist.c">
      <Filter>源文件</Filter>
    </ClCompile>
    <ClCompile Include="..\..\jpg.c">
      <Filter>源文件</Filter>
    </ClCompile>
    <ClCompile Include="..\..\lz4.c">
      <Filter>源文件</Filter>
    </ClCompile>
    <ClCompile Include="..\..\myapp.c">
      <Filter>源文件</Filter>
    </ClCompile>
    <ClCompile Include="..\..\partition.c">
      <Filter>源文件</Filter>
    </ClCompile>
    <ClCompile Include="..\..\pcxtores.c">
      <Filter>源文件</Filter>
    </ClCompile>
    <ClCompile Include="..\..\resource.c">
      <Filter>源文件</Filter>
    </ClCompile>
    <ClCompile Include="..\..\utils.c">
      <Filter>源文件</Filter>
    </ClCompile>
    <ClCompile Include="..\..\vga.c">
      <Filter>源文件</Filter>
    </ClCompile>
    <ClCompile Include="..\..\window.c">
      <Filter>源文件</Filter>
    </ClCompile>
    <ClCompile Include="..\..\bdfstrip.cpp">
      <Filter>源文件</Filter>
    </ClCompile>
  </ItemGroup>
  <ItemGroup>
    <ClInclude Include="..\..\biosdisk.h">
      <Filter>头文件</Filter>
    </ClInclude>
    <ClInclude Include="..\..\commondef.h">
      <Filter>头文件</Filter>
    </ClInclude>
    <ClInclude Include="..\..\face.h">
      <Filter>头文件</Filter>
    </ClInclude>
    <ClInclude Include="..\..\fonts.h">
      <Filter>头文件</Filter>
    </ClInclude>
    <ClInclude Include="..\..\func.h">
      <Filter>头文件</Filter>
    </ClInclude>
    <ClInclude Include="..\..\getlist.h">
      <Filter>头文件</Filter>
    </ClInclude>
    <ClInclude Include="..\..\jpg.h">
      <Filter>头文件</Filter>
    </ClInclude>
    <ClInclude Include="..\..\lz4.h">
      <Filter>头文件</Filter>
    </ClInclude>
    <ClInclude Include="..\..\ntfshead.h">
      <Filter>头文件</Filter>
    </ClInclude>
    <ClInclude Include="..\..\okr.h">
      <Filter>头文件</Filter>
    </ClInclude>
    <ClInclude Include="..\..\oldformat.h">
      <Filter>头文件</Filter>
    </ClInclude>
    <ClInclude Include="..\..\partition.h">
      <Filter>头文件</Filter>
    </ClInclude>
    <ClInclude Include="..\..\res.h">
      <Filter>头文件</Filter>
    </ClInclude>
    <ClInclude Include="..\..\resource.h">
      <Filter>头文件</Filter>
    </ClInclude>
    <ClInclude Include="..\..\resource-eng.h">
      <Filter>头文件</Filter>
    </ClInclude>
    <ClInclude Include="..\..\utils.h">
      <Filter>头文件</Filter>
    </ClInclude>
    <ClInclude Include="..\..\vga.h">
      <Filter>头文件</Filter>
    </ClInclude>
    <ClInclude Include="..\..\window.h">
      <Filter>头文件</Filter>
    </ClInclude>
    <ClInclude Include="resource.h">
      <Filter>头文件</Filter>
    </ClInclude>
  </ItemGroup>
  <ItemGroup>
    <ResourceCompile Include="VeiwCode.rc">
      <Filter>资源文件</Filter>
    </ResourceCompile>
  </ItemGroup>
  <ItemGroup>
    <None Include="html1.htm" />
  </ItemGroup>
</Project>